
Microsoft Visual Studio Solution File, Format Version 12.00
# Visual Studio Version 17
VisualStudioVersion = 17.12.35527.113 d17.12
MinimumVisualStudioVersion = 10.0.40219.1
Project("{FAE04EC0-301F-11D3-BF4B-00C04F79EFBC}") = "PharmaMoov.Admin", "PharmaMoov.Admin\PharmaMoov.Admin.csproj", "{C0094544-2196-4E0E-B1D8-58FDE164040F}"
EndProject
Project("{FAE04EC0-301F-11D3-BF4B-00C04F79EFBC}") = "PharmaMoov.Models", "PharmaMoov.Models\PharmaMoov.Models.csproj", "{8B7B2AA8-D044-4F3F-9594-64DB3646C3A1}"
EndProject
Global
	GlobalSection(SolutionConfigurationPlatforms) = preSolution
		Debug|Any CPU = Debug|Any CPU
		Release|Any CPU = Release|Any CPU
	EndGlobalSection
	GlobalSection(ProjectConfigurationPlatforms) = postSolution
		{C0094544-2196-4E0E-B1D8-58FDE164040F}.Debug|Any CPU.ActiveCfg = Debug|Any CPU
		{C0094544-2196-4E0E-B1D8-58FDE164040F}.Debug|Any CPU.Build.0 = Debug|Any CPU
		{C0094544-2196-4E0E-B1D8-58FDE164040F}.Release|Any CPU.ActiveCfg = Release|Any CPU
		{C0094544-2196-4E0E-B1D8-58FDE164040F}.Release|Any CPU.Build.0 = Release|Any CPU
		{8B7B2AA8-D044-4F3F-9594-64DB3646C3A1}.Debug|Any CPU.ActiveCfg = Debug|Any CPU
		{8B7B2AA8-D044-4F3F-9594-64DB3646C3A1}.Debug|Any CPU.Build.0 = Debug|Any CPU
		{8B7B2AA8-D044-4F3F-9594-64DB3646C3A1}.Release|Any CPU.ActiveCfg = Release|Any CPU
		{8B7B2AA8-D044-4F3F-9594-64DB3646C3A1}.Release|Any CPU.Build.0 = Release|Any CPU
	EndGlobalSection
	GlobalSection(SolutionProperties) = preSolution
		HideSolutionNode = FALSE
	EndGlobalSection
EndGlobal
